
Microsoft Visual Studio Solution File, Format Version 12.00
# Visual Studio Version 16
VisualStudioVersion = 16.0.32106.194
MinimumVisualStudioVersion = 10.0.40219.1
Project("{FAE04EC0-301F-11D3-BF4B-00C04F79EFBC}") = "RabbitMQ.Basic.Producer", "RabbitMQ.Basic.Producer\RabbitMQ.Basic.Producer.csproj", "{A57CED97-8F0A-4F86-ACA5-231A10E4FA98}"
EndProject
Project("{FAE04EC0-301F-11D3-BF4B-00C04F79EFBC}") = "RabbitMQ.Basic.Consumer", "RabbitMQ.Basic.Consumer\RabbitMQ.Basic.Consumer.csproj", "{59CCE64B-37AD-4924-A89E-E20A913777F3}"
EndProject
Global
	GlobalSection(SolutionConfigurationPlatforms) = preSolution
		Debug|Any CPU = Debug|Any CPU
		Release|Any CPU = Release|Any CPU
	EndGlobalSection
	GlobalSection(ProjectConfigurationPlatforms) = postSolution
		{A57CED97-8F0A-4F86-ACA5-231A10E4FA98}.Debug|Any CPU.ActiveCfg = Debug|Any CPU
		{A57CED97-8F0A-4F86-ACA5-231A10E4FA98}.Debug|Any CPU.Build.0 = Debug|Any CPU
		{A57CED97-8F0A-4F86-ACA5-231A10E4FA98}.Release|Any CPU.ActiveCfg = Release|Any CPU
		{A57CED97-8F0A-4F86-ACA5-231A10E4FA98}.Release|Any CPU.Build.0 = Release|Any CPU
		{59CCE64B-37AD-4924-A89E-E20A913777F3}.Debug|Any CPU.ActiveCfg = Debug|Any CPU
		{59CCE64B-37AD-4924-A89E-E20A913777F3}.Debug|Any CPU.Build.0 = Debug|Any CPU
		{59CCE64B-37AD-4924-A89E-E20A913777F3}.Release|Any CPU.ActiveCfg = Release|Any CPU
		{59CCE64B-37AD-4924-A89E-E20A913777F3}.Release|Any CPU.Build.0 = Release|Any CPU
	EndGlobalSection
	GlobalSection(SolutionProperties) = preSolution
		HideSolutionNode = FALSE
	EndGlobalSection
	GlobalSection(ExtensibilityGlobals) = postSolution
		SolutionGuid = {F27C09A1-5F0B-44B0-8725-E201CBE12C66}
	EndGlobalSection
EndGlobal
