
Microsoft Visual Studio Solution File, Format Version 12.00
# Visual Studio Version 16
VisualStudioVersion = 16.0.32106.194
MinimumVisualStudioVersion = 10.0.40219.1
Project("{9A19103F-16F7-4668-BE54-9A1E7A4F7556}") = "RabbitMQ.Basic.Producer", "RabbitMQ.Basic.Producer\RabbitMQ.Basic.Producer.csproj", "{A57CED97-8F0A-4F86-ACA5-231A10E4FA98}"
EndProject
Project("{9A19103F-16F7-4668-BE54-9A1E7A4F7556}") = "RabbitMQ.Basic.Consumer", "RabbitMQ.Basic.Consumer\RabbitMQ.Basic.Consumer.csproj", "{59CCE64B-37AD-4924-A89E-E20A913777F3}"
EndProject
Project("{9A19103F-16F7-4668-BE54-9A1E7A4F7556}") = "RabbitMQ.Exchange.Producer", "RabbitMQ.Exchange.Producer\RabbitMQ.Exchange.Producer.csproj", "{31151536-8DA0-47BE-9F3A-62144A802CE4}"
EndProject
Project("{9A19103F-16F7-4668-BE54-9A1E7A4F7556}") = "RabbitMQ.Exchange.Consumer", "RabbitMQ.Exchange.Consumer\RabbitMQ.Exchange.Consumer.csproj", "{196D811A-2FB6-4E7A-994F-DF378F0BE183}"
EndProject
Project("{9A19103F-16F7-4668-BE54-9A1E7A4F7556}") = "RabbitMQ.Exchange.SecondConsumer", "RabbitMQ.Exchange.SecondConsumer\RabbitMQ.Exchange.SecondConsumer.csproj", "{E7D0E139-43FC-46E6-B911-61A308D7CD67}"
EndProject
Project("{9A19103F-16F7-4668-BE54-9A1E7A4F7556}") = "RabbitMQ.Exchange.SecondProducer", "RabbitMQ.Exchange.SecondProducer\RabbitMQ.Exchange.SecondProducer.csproj", "{EEDF3E69-ED73-4EA2-9097-3032BAE8B71A}"
EndProject
Project("{FAE04EC0-301F-11D3-BF4B-00C04F79EFBC}") = "RabbitMQ.RPC.Producer", "RabbitMQ.RPC.Producer\RabbitMQ.RPC.Producer.csproj", "{7EE9EB61-4D31-4503-98FC-2BC89FC82018}"
EndProject
Project("{FAE04EC0-301F-11D3-BF4B-00C04F79EFBC}") = "RabbitMQ.RPC.Consumer", "RabbitMQ.RPC.Consumer\RabbitMQ.RPC.Consumer.csproj", "{E5C69A98-5016-4849-83E8-50AC36615856}"
EndProject
Global
	GlobalSection(SolutionConfigurationPlatforms) = preSolution
		Debug|Any CPU = Debug|Any CPU
		Release|Any CPU = Release|Any CPU
	EndGlobalSection
	GlobalSection(ProjectConfigurationPlatforms) = postSolution
		{A57CED97-8F0A-4F86-ACA5-231A10E4FA98}.Debug|Any CPU.ActiveCfg = Debug|Any CPU
		{A57CED97-8F0A-4F86-ACA5-231A10E4FA98}.Debug|Any CPU.Build.0 = Debug|Any CPU
		{A57CED97-8F0A-4F86-ACA5-231A10E4FA98}.Release|Any CPU.ActiveCfg = Release|Any CPU
		{A57CED97-8F0A-4F86-ACA5-231A10E4FA98}.Release|Any CPU.Build.0 = Release|Any CPU
		{59CCE64B-37AD-4924-A89E-E20A913777F3}.Debug|Any CPU.ActiveCfg = Debug|Any CPU
		{59CCE64B-37AD-4924-A89E-E20A913777F3}.Debug|Any CPU.Build.0 = Debug|Any CPU
		{59CCE64B-37AD-4924-A89E-E20A913777F3}.Release|Any CPU.ActiveCfg = Release|Any CPU
		{59CCE64B-37AD-4924-A89E-E20A913777F3}.Release|Any CPU.Build.0 = Release|Any CPU
		{31151536-8DA0-47BE-9F3A-62144A802CE4}.Debug|Any CPU.ActiveCfg = Debug|Any CPU
		{31151536-8DA0-47BE-9F3A-62144A802CE4}.Debug|Any CPU.Build.0 = Debug|Any CPU
		{31151536-8DA0-47BE-9F3A-62144A802CE4}.Release|Any CPU.ActiveCfg = Release|Any CPU
		{31151536-8DA0-47BE-9F3A-62144A802CE4}.Release|Any CPU.Build.0 = Release|Any CPU
		{196D811A-2FB6-4E7A-994F-DF378F0BE183}.Debug|Any CPU.ActiveCfg = Debug|Any CPU
		{196D811A-2FB6-4E7A-994F-DF378F0BE183}.Debug|Any CPU.Build.0 = Debug|Any CPU
		{196D811A-2FB6-4E7A-994F-DF378F0BE183}.Release|Any CPU.ActiveCfg = Release|Any CPU
		{196D811A-2FB6-4E7A-994F-DF378F0BE183}.Release|Any CPU.Build.0 = Release|Any CPU
		{E7D0E139-43FC-46E6-B911-61A308D7CD67}.Debug|Any CPU.ActiveCfg = Debug|Any CPU
		{E7D0E139-43FC-46E6-B911-61A308D7CD67}.Debug|Any CPU.Build.0 = Debug|Any CPU
		{E7D0E139-43FC-46E6-B911-61A308D7CD67}.Release|Any CPU.ActiveCfg = Release|Any CPU
		{E7D0E139-43FC-46E6-B911-61A308D7CD67}.Release|Any CPU.Build.0 = Release|Any CPU
		{EEDF3E69-ED73-4EA2-9097-3032BAE8B71A}.Debug|Any CPU.ActiveCfg = Debug|Any CPU
		{EEDF3E69-ED73-4EA2-9097-3032BAE8B71A}.Debug|Any CPU.Build.0 = Debug|Any CPU
		{EEDF3E69-ED73-4EA2-9097-3032BAE8B71A}.Release|Any CPU.ActiveCfg = Release|Any CPU
		{EEDF3E69-ED73-4EA2-9097-3032BAE8B71A}.Release|Any CPU.Build.0 = Release|Any CPU
		{7EE9EB61-4D31-4503-98FC-2BC89FC82018}.Debug|Any CPU.ActiveCfg = Debug|Any CPU
		{7EE9EB61-4D31-4503-98FC-2BC89FC82018}.Debug|Any CPU.Build.0 = Debug|Any CPU
		{7EE9EB61-4D31-4503-98FC-2BC89FC82018}.Release|Any CPU.ActiveCfg = Release|Any CPU
		{7EE9EB61-4D31-4503-98FC-2BC89FC82018}.Release|Any CPU.Build.0 = Release|Any CPU
		{E5C69A98-5016-4849-83E8-50AC36615856}.Debug|Any CPU.ActiveCfg = Debug|Any CPU
		{E5C69A98-5016-4849-83E8-50AC36615856}.Debug|Any CPU.Build.0 = Debug|Any CPU
		{E5C69A98-5016-4849-83E8-50AC36615856}.Release|Any CPU.ActiveCfg = Release|Any CPU
		{E5C69A98-5016-4849-83E8-50AC36615856}.Release|Any CPU.Build.0 = Release|Any CPU
	EndGlobalSection
	GlobalSection(SolutionProperties) = preSolution
		HideSolutionNode = FALSE
	EndGlobalSection
	GlobalSection(ExtensibilityGlobals) = postSolution
		SolutionGuid = {F27C09A1-5F0B-44B0-8725-E201CBE12C66}
	EndGlobalSection
EndGlobal
